
Microsoft Visual Studio Solution File, Format Version 12.00
# Visual Studio Version 16
VisualStudioVersion = 16.0.32228.343
MinimumVisualStudioVersion = 10.0.40219.1
Project("{2150E333-8FDC-42A3-9474-1A3956D46DE8}") = "Chapter02", "Chapter02", "{B083BBB1-6C0F-4C87-8D68-D23308389D47}"
EndProject
Project("{FAE04EC0-301F-11D3-BF4B-00C04F79EFBC}") = "DistanceConverter", "Chapter02\DistanceConverter\DistanceConverter\DistanceConverter.csproj", "{7F7E53A9-5095-4095-A5CF-28FC0D1D43EC}"
EndProject
Project("{FAE04EC0-301F-11D3-BF4B-00C04F79EFBC}") = "SalesCalculator", "Chapter02\SalesCalculator\SalesCalculator.csproj", "{EA34850F-2A8D-41EF-B290-011DFF67A8B4}"
EndProject
Project("{FAE04EC0-301F-11D3-BF4B-00C04F79EFBC}") = "Exercise", "Chapter02\Exercise\Exercise.csproj", "{5C23E05B-4728-48AA-BC6C-A727A30A57E7}"
EndProject
Project("{FAE04EC0-301F-11D3-BF4B-00C04F79EFBC}") = "Exercise02", "Chapter02\Exercise02\Exercise02.csproj", "{84659ECC-F391-4778-B29A-73FF31A1B2A4}"
EndProject
Project("{FAE04EC0-301F-11D3-BF4B-00C04F79EFBC}") = "Exercise03", "Chapter02\Exercise03\Exercise03.csproj", "{70652ABC-6C33-497B-8668-1C807BC8EF91}"
EndProject
Project("{2150E333-8FDC-42A3-9474-1A3956D46DE8}") = "Chapter03", "Chapter03", "{95EE3C06-AC0E-4713-84CA-6417C58B8F72}"
EndProject
Project("{FAE04EC0-301F-11D3-BF4B-00C04F79EFBC}") = "Section01", "Chapter03\Section01\Section01.csproj", "{36F6D847-6250-428D-9735-6EDCE6C956D9}"
EndProject
Project("{FAE04EC0-301F-11D3-BF4B-00C04F79EFBC}") = "Exercise01", "Chapter03\Exercise01\Exercise01.csproj", "{4302E232-2C27-4BC4-80CA-163D26F1ED72}"
EndProject
Project("{FAE04EC0-301F-11D3-BF4B-00C04F79EFBC}") = "Section04", "Chapter03\Section04\Section04.csproj", "{DC7DFD2B-45F2-4424-9FF7-5CB461FB49A1}"
EndProject
Project("{FAE04EC0-301F-11D3-BF4B-00C04F79EFBC}") = "Exercise02", "Chapter03\Excercise02\Exercise02.csproj", "{46939A0F-D17B-4886-B8CC-AC0A66BC7F41}"
EndProject
Project("{2150E333-8FDC-42A3-9474-1A3956D46DE8}") = "Chapter04", "Chapter04", "{7BDFC6F9-30C4-4B96-A94D-380664908A94}"
EndProject
Project("{FAE04EC0-301F-11D3-BF4B-00C04F79EFBC}") = "Exercise01", "Chapter04\Exercise01\Exercise01.csproj", "{070981CB-8C2D-4829-A3F3-6E5F7159F02F}"
EndProject
Project("{FAE04EC0-301F-11D3-BF4B-00C04F79EFBC}") = "Exercise02", "Chapter04\Exercise02\Exercise02.csproj", "{73083E7E-684D-4827-8FFE-188F43C42EDB}"
EndProject
Global
	GlobalSection(SolutionConfigurationPlatforms) = preSolution
		Debug|Any CPU = Debug|Any CPU
		Release|Any CPU = Release|Any CPU
	EndGlobalSection
	GlobalSection(ProjectConfigurationPlatforms) = postSolution
		{7F7E53A9-5095-4095-A5CF-28FC0D1D43EC}.Debug|Any CPU.ActiveCfg = Debug|Any CPU
		{7F7E53A9-5095-4095-A5CF-28FC0D1D43EC}.Debug|Any CPU.Build.0 = Debug|Any CPU
		{7F7E53A9-5095-4095-A5CF-28FC0D1D43EC}.Release|Any CPU.ActiveCfg = Release|Any CPU
		{7F7E53A9-5095-4095-A5CF-28FC0D1D43EC}.Release|Any CPU.Build.0 = Release|Any CPU
		{EA34850F-2A8D-41EF-B290-011DFF67A8B4}.Debug|Any CPU.ActiveCfg = Debug|Any CPU
		{EA34850F-2A8D-41EF-B290-011DFF67A8B4}.Debug|Any CPU.Build.0 = Debug|Any CPU
		{EA34850F-2A8D-41EF-B290-011DFF67A8B4}.Release|Any CPU.ActiveCfg = Release|Any CPU
		{EA34850F-2A8D-41EF-B290-011DFF67A8B4}.Release|Any CPU.Build.0 = Release|Any CPU
		{5C23E05B-4728-48AA-BC6C-A727A30A57E7}.Debug|Any CPU.ActiveCfg = Debug|Any CPU
		{5C23E05B-4728-48AA-BC6C-A727A30A57E7}.Debug|Any CPU.Build.0 = Debug|Any CPU
		{5C23E05B-4728-48AA-BC6C-A727A30A57E7}.Release|Any CPU.ActiveCfg = Release|Any CPU
		{5C23E05B-4728-48AA-BC6C-A727A30A57E7}.Release|Any CPU.Build.0 = Release|Any CPU
		{84659ECC-F391-4778-B29A-73FF31A1B2A4}.Debug|Any CPU.ActiveCfg = Debug|Any CPU
		{84659ECC-F391-4778-B29A-73FF31A1B2A4}.Debug|Any CPU.Build.0 = Debug|Any CPU
		{84659ECC-F391-4778-B29A-73FF31A1B2A4}.Release|Any CPU.ActiveCfg = Release|Any CPU
		{84659ECC-F391-4778-B29A-73FF31A1B2A4}.Release|Any CPU.Build.0 = Release|Any CPU
		{70652ABC-6C33-497B-8668-1C807BC8EF91}.Debug|Any CPU.ActiveCfg = Debug|Any CPU
		{70652ABC-6C33-497B-8668-1C807BC8EF91}.Debug|Any CPU.Build.0 = Debug|Any CPU
		{70652ABC-6C33-497B-8668-1C807BC8EF91}.Release|Any CPU.ActiveCfg = Release|Any CPU
		{70652ABC-6C33-497B-8668-1C807BC8EF91}.Release|Any CPU.Build.0 = Release|Any CPU
		{36F6D847-6250-428D-9735-6EDCE6C956D9}.Debug|Any CPU.ActiveCfg = Debug|Any CPU
		{36F6D847-6250-428D-9735-6EDCE6C956D9}.Debug|Any CPU.Build.0 = Debug|Any CPU
		{36F6D847-6250-428D-9735-6EDCE6C956D9}.Release|Any CPU.ActiveCfg = Release|Any CPU
		{36F6D847-6250-428D-9735-6EDCE6C956D9}.Release|Any CPU.Build.0 = Release|Any CPU
		{4302E232-2C27-4BC4-80CA-163D26F1ED72}.Debug|Any CPU.ActiveCfg = Debug|Any CPU
		{4302E232-2C27-4BC4-80CA-163D26F1ED72}.Debug|Any CPU.Build.0 = Debug|Any CPU
		{4302E232-2C27-4BC4-80CA-163D26F1ED72}.Release|Any CPU.ActiveCfg = Release|Any CPU
		{4302E232-2C27-4BC4-80CA-163D26F1ED72}.Release|Any CPU.Build.0 = Release|Any CPU
		{DC7DFD2B-45F2-4424-9FF7-5CB461FB49A1}.Debug|Any CPU.ActiveCfg = Debug|Any CPU
		{DC7DFD2B-45F2-4424-9FF7-5CB461FB49A1}.Debug|Any CPU.Build.0 = Debug|Any CPU
		{DC7DFD2B-45F2-4424-9FF7-5CB461FB49A1}.Release|Any CPU.ActiveCfg = Release|Any CPU
		{DC7DFD2B-45F2-4424-9FF7-5CB461FB49A1}.Release|Any CPU.Build.0 = Release|Any CPU
		{46939A0F-D17B-4886-B8CC-AC0A66BC7F41}.Debug|Any CPU.ActiveCfg = Debug|Any CPU
		{46939A0F-D17B-4886-B8CC-AC0A66BC7F41}.Debug|Any CPU.Build.0 = Debug|Any CPU
		{46939A0F-D17B-4886-B8CC-AC0A66BC7F41}.Release|Any CPU.ActiveCfg = Release|Any CPU
		{46939A0F-D17B-4886-B8CC-AC0A66BC7F41}.Release|Any CPU.Build.0 = Release|Any CPU
		{070981CB-8C2D-4829-A3F3-6E5F7159F02F}.Debug|Any CPU.ActiveCfg = Debug|Any CPU
		{070981CB-8C2D-4829-A3F3-6E5F7159F02F}.Debug|Any CPU.Build.0 = Debug|Any CPU
		{070981CB-8C2D-4829-A3F3-6E5F7159F02F}.Release|Any CPU.ActiveCfg = Release|Any CPU
		{070981CB-8C2D-4829-A3F3-6E5F7159F02F}.Release|Any CPU.Build.0 = Release|Any CPU
		{73083E7E-684D-4827-8FFE-188F43C42EDB}.Debug|Any CPU.ActiveCfg = Debug|Any CPU
		{73083E7E-684D-4827-8FFE-188F43C42EDB}.Debug|Any CPU.Build.0 = Debug|Any CPU
		{73083E7E-684D-4827-8FFE-188F43C42EDB}.Release|Any CPU.ActiveCfg = Release|Any CPU
		{73083E7E-684D-4827-8FFE-188F43C42EDB}.Release|Any CPU.Build.0 = Release|Any CPU
	EndGlobalSection
	GlobalSection(SolutionProperties) = preSolution
		HideSolutionNode = FALSE
	EndGlobalSection
	GlobalSection(NestedProjects) = preSolution
		{7F7E53A9-5095-4095-A5CF-28FC0D1D43EC} = {B083BBB1-6C0F-4C87-8D68-D23308389D47}
		{EA34850F-2A8D-41EF-B290-011DFF67A8B4} = {B083BBB1-6C0F-4C87-8D68-D23308389D47}
		{5C23E05B-4728-48AA-BC6C-A727A30A57E7} = {B083BBB1-6C0F-4C87-8D68-D23308389D47}
		{84659ECC-F391-4778-B29A-73FF31A1B2A4} = {B083BBB1-6C0F-4C87-8D68-D23308389D47}
		{70652ABC-6C33-497B-8668-1C807BC8EF91} = {B083BBB1-6C0F-4C87-8D68-D23308389D47}
		{36F6D847-6250-428D-9735-6EDCE6C956D9} = {95EE3C06-AC0E-4713-84CA-6417C58B8F72}
		{4302E232-2C27-4BC4-80CA-163D26F1ED72} = {95EE3C06-AC0E-4713-84CA-6417C58B8F72}
		{DC7DFD2B-45F2-4424-9FF7-5CB461FB49A1} = {95EE3C06-AC0E-4713-84CA-6417C58B8F72}
		{46939A0F-D17B-4886-B8CC-AC0A66BC7F41} = {95EE3C06-AC0E-4713-84CA-6417C58B8F72}
		{070981CB-8C2D-4829-A3F3-6E5F7159F02F} = {7BDFC6F9-30C4-4B96-A94D-380664908A94}
		{73083E7E-684D-4827-8FFE-188F43C42EDB} = {7BDFC6F9-30C4-4B96-A94D-380664908A94}
	EndGlobalSection
	GlobalSection(ExtensibilityGlobals) = postSolution
		SolutionGuid = {9E3ABF23-26C7-4C40-AF2C-2B5E4325C46F}
	EndGlobalSection
EndGlobal
