
Microsoft Visual Studio Solution File, Format Version 12.00
# Visual Studio Version 16
VisualStudioVersion = 16.0.32228.343
MinimumVisualStudioVersion = 10.0.40219.1
Project("{2150E333-8FDC-42A3-9474-1A3956D46DE8}") = "Chapter02", "Chapter02", "{B083BBB1-6C0F-4C87-8D68-D23308389D47}"
EndProject
Project("{FAE04EC0-301F-11D3-BF4B-00C04F79EFBC}") = "DistanceConverter", "Chapter02\DistanceConverter\DistanceConverter\DistanceConverter.csproj", "{7F7E53A9-5095-4095-A5CF-28FC0D1D43EC}"
EndProject
Global
	GlobalSection(SolutionConfigurationPlatforms) = preSolution
		Debug|Any CPU = Debug|Any CPU
		Release|Any CPU = Release|Any CPU
	EndGlobalSection
	GlobalSection(ProjectConfigurationPlatforms) = postSolution
		{7F7E53A9-5095-4095-A5CF-28FC0D1D43EC}.Debug|Any CPU.ActiveCfg = Debug|Any CPU
		{7F7E53A9-5095-4095-A5CF-28FC0D1D43EC}.Debug|Any CPU.Build.0 = Debug|Any CPU
		{7F7E53A9-5095-4095-A5CF-28FC0D1D43EC}.Release|Any CPU.ActiveCfg = Release|Any CPU
		{7F7E53A9-5095-4095-A5CF-28FC0D1D43EC}.Release|Any CPU.Build.0 = Release|Any CPU
	EndGlobalSection
	GlobalSection(SolutionProperties) = preSolution
		HideSolutionNode = FALSE
	EndGlobalSection
	GlobalSection(NestedProjects) = preSolution
		{7F7E53A9-5095-4095-A5CF-28FC0D1D43EC} = {B083BBB1-6C0F-4C87-8D68-D23308389D47}
	EndGlobalSection
	GlobalSection(ExtensibilityGlobals) = postSolution
		SolutionGuid = {9E3ABF23-26C7-4C40-AF2C-2B5E4325C46F}
	EndGlobalSection
EndGlobal
